
Microsoft Visual Studio Solution File, Format Version 12.00
# Visual Studio Version 17
VisualStudioVersion = 17.1.32210.238
MinimumVisualStudioVersion = 10.0.40219.1
Project("{FAE04EC0-301F-11D3-BF4B-00C04F79EFBC}") = "Alarm", "Alarm.csproj", "{3FA565D8-38F0-4889-A4D3-7648E91042F2}"
EndProject
Global
	GlobalSection(SolutionConfigurationPlatforms) = preSolution
		Debug|Any CPU = Debug|Any CPU
		Release|Any CPU = Release|Any CPU
	EndGlobalSection
	GlobalSection(ProjectConfigurationPlatforms) = postSolution
		{3FA565D8-38F0-4889-A4D3-7648E91042F2}.Debug|Any CPU.ActiveCfg = Debug|Any CPU
		{3FA565D8-38F0-4889-A4D3-7648E91042F2}.Debug|Any CPU.Build.0 = Debug|Any CPU
		{3FA565D8-38F0-4889-A4D3-7648E91042F2}.Release|Any CPU.ActiveCfg = Release|Any CPU
		{3FA565D8-38F0-4889-A4D3-7648E91042F2}.Release|Any CPU.Build.0 = Release|Any CPU
	EndGlobalSection
	GlobalSection(SolutionProperties) = preSolution
		HideSolutionNode = FALSE
	EndGlobalSection
	GlobalSection(ExtensibilityGlobals) = postSolution
		SolutionGuid = {4EBCF0F7-9FB7-4347-B961-28CC65945E1D}
	EndGlobalSection
EndGlobal
